// !$*UTF8*$!
{
	archiveVersion = 1;
	classes = {
	};
	objectVersion = 55;
	objects = {

/* Begin PBXBuildFile section */
		7A4D6CAE280F3B2E00ACFFB5 /* LandmarksApp.swift in Sources */ = {isa = PBXBuildFile; fileRef = 7A4D6CAD280F3B2E00ACFFB5 /* LandmarksApp.swift */; };
		7A4D6CB0280F3B2E00ACFFB5 /* ContentView.swift in Sources */ = {isa = PBXBuildFile; fileRef = 7A4D6CAF280F3B2E00ACFFB5 /* ContentView.swift */; };
		7A4D6CB2280F3B3200ACFFB5 /* Assets.xcassets in Resources */ = {isa = PBXBuildFile; fileRef = 7A4D6CB1280F3B3200ACFFB5 /* Assets.xcassets */; };
		7A4D6CB5280F3B3200ACFFB5 /* Preview Assets.xcassets in Resources */ = {isa = PBXBuildFile; fileRef = 7A4D6CB4280F3B3200ACFFB5 /* Preview Assets.xcassets */; };
		7A4D6CBC2810473900ACFFB5 /* CircleImage.swift in Sources */ = {isa = PBXBuildFile; fileRef = 7A4D6CBB2810473900ACFFB5 /* CircleImage.swift */; };
		7A4D6CBE281049DE00ACFFB5 /* MapView.swift in Sources */ = {isa = PBXBuildFile; fileRef = 7A4D6CBD281049DE00ACFFB5 /* MapView.swift */; };
		7A4D6CC02812F4A100ACFFB5 /* landmarkData.json in Resources */ = {isa = PBXBuildFile; fileRef = 7A4D6CBF2812F4A100ACFFB5 /* landmarkData.json */; };
		7A4D6CC22812F4C600ACFFB5 /* Landmark.swift in Sources */ = {isa = PBXBuildFile; fileRef = 7A4D6CC12812F4C600ACFFB5 /* Landmark.swift */; };
		7A4D6CC42812FA9500ACFFB5 /* ModelData.swift in Sources */ = {isa = PBXBuildFile; fileRef = 7A4D6CC32812FA9500ACFFB5 /* ModelData.swift */; };
		7A4D6CC928133CEA00ACFFB5 /* LandmarkRow.swift in Sources */ = {isa = PBXBuildFile; fileRef = 7A4D6CC828133CEA00ACFFB5 /* LandmarkRow.swift */; };
		7A4D6CCB28133F4E00ACFFB5 /* LandmarkList.swift in Sources */ = {isa = PBXBuildFile; fileRef = 7A4D6CCA28133F4E00ACFFB5 /* LandmarkList.swift */; };
		7A4D6CCD2813421700ACFFB5 /* LandmarkDetail.swift in Sources */ = {isa = PBXBuildFile; fileRef = 7A4D6CCC2813421700ACFFB5 /* LandmarkDetail.swift */; };
		7A4D6CCF2819D85F00ACFFB5 /* FavoriteButton.swift in Sources */ = {isa = PBXBuildFile; fileRef = 7A4D6CCE2819D85F00ACFFB5 /* FavoriteButton.swift */; };
		7A4D6CD32819DCD800ACFFB5 /* HexagonParameters.swift in Sources */ = {isa = PBXBuildFile; fileRef = 7A4D6CD22819DCD800ACFFB5 /* HexagonParameters.swift */; };
		7A4D6CD52819DFDB00ACFFB5 /* BadgeBackground.swift in Sources */ = {isa = PBXBuildFile; fileRef = 7A4D6CD42819DFDB00ACFFB5 /* BadgeBackground.swift */; };
		7A4D6CD72819E56900ACFFB5 /* BadgeSymbol.swift in Sources */ = {isa = PBXBuildFile; fileRef = 7A4D6CD62819E56900ACFFB5 /* BadgeSymbol.swift */; };
		7A4D6CD92819E6D800ACFFB5 /* RotatedBadgeSymbol.swift in Sources */ = {isa = PBXBuildFile; fileRef = 7A4D6CD82819E6D800ACFFB5 /* RotatedBadgeSymbol.swift */; };
		7A4D6CDB2819E7C100ACFFB5 /* Badge.swift in Sources */ = {isa = PBXBuildFile; fileRef = 7A4D6CDA2819E7C100ACFFB5 /* Badge.swift */; };
/* End PBXBuildFile section */

/* Begin PBXFileReference section */
		7A4D6CAA280F3B2E00ACFFB5 /* Landmarks.app */ = {isa = PBXFileReference; explicitFileType = wrapper.application; includeInIndex = 0; path = Landmarks.app; sourceTree = BUILT_PRODUCTS_DIR; };
		7A4D6CAD280F3B2E00ACFFB5 /* LandmarksApp.swift */ = {isa = PBXFileReference; lastKnownFileType = sourcecode.swift; path = LandmarksApp.swift; sourceTree = "<group>"; };
		7A4D6CAF280F3B2E00ACFFB5 /* ContentView.swift */ = {isa = PBXFileReference; lastKnownFileType = sourcecode.swift; path = ContentView.swift; sourceTree = "<group>"; };
		7A4D6CB1280F3B3200ACFFB5 /* Assets.xcassets */ = {isa = PBXFileReference; lastKnownFileType = folder.assetcatalog; path = Assets.xcassets; sourceTree = "<group>"; };
		7A4D6CB4280F3B3200ACFFB5 /* Preview Assets.xcassets */ = {isa = PBXFileReference; lastKnownFileType = folder.assetcatalog; path = "Preview Assets.xcassets"; sourceTree = "<group>"; };
		7A4D6CBB2810473900ACFFB5 /* CircleImage.swift */ = {isa = PBXFileReference; lastKnownFileType = sourcecode.swift; path = CircleImage.swift; sourceTree = "<group>"; };
		7A4D6CBD281049DE00ACFFB5 /* MapView.swift */ = {isa = PBXFileReference; lastKnownFileType = sourcecode.swift; path = MapView.swift; sourceTree = "<group>"; };
		7A4D6CBF2812F4A100ACFFB5 /* landmarkData.json */ = {isa = PBXFileReference; fileEncoding = 4; lastKnownFileType = text.json; path = landmarkData.json; sourceTree = "<group>"; };
		7A4D6CC12812F4C600ACFFB5 /* Landmark.swift */ = {isa = PBXFileReference; lastKnownFileType = sourcecode.swift; path = Landmark.swift; sourceTree = "<group>"; };
		7A4D6CC32812FA9500ACFFB5 /* ModelData.swift */ = {isa = PBXFileReference; lastKnownFileType = sourcecode.swift; path = ModelData.swift; sourceTree = "<group>"; };
		7A4D6CC828133CEA00ACFFB5 /* LandmarkRow.swift */ = {isa = PBXFileReference; lastKnownFileType = sourcecode.swift; path = LandmarkRow.swift; sourceTree = "<group>"; };
		7A4D6CCA28133F4E00ACFFB5 /* LandmarkList.swift */ = {isa = PBXFileReference; lastKnownFileType = sourcecode.swift; path = LandmarkList.swift; sourceTree = "<group>"; };
		7A4D6CCC2813421700ACFFB5 /* LandmarkDetail.swift */ = {isa = PBXFileReference; lastKnownFileType = sourcecode.swift; path = LandmarkDetail.swift; sourceTree = "<group>"; };
		7A4D6CCE2819D85F00ACFFB5 /* FavoriteButton.swift */ = {isa = PBXFileReference; lastKnownFileType = sourcecode.swift; path = FavoriteButton.swift; sourceTree = "<group>"; };
		7A4D6CD22819DCD800ACFFB5 /* HexagonParameters.swift */ = {isa = PBXFileReference; lastKnownFileType = sourcecode.swift; path = HexagonParameters.swift; sourceTree = "<group>"; };
		7A4D6CD42819DFDB00ACFFB5 /* BadgeBackground.swift */ = {isa = PBXFileReference; lastKnownFileType = sourcecode.swift; path = BadgeBackground.swift; sourceTree = "<group>"; };
		7A4D6CD62819E56900ACFFB5 /* BadgeSymbol.swift */ = {isa = PBXFileReference; lastKnownFileType = sourcecode.swift; path = BadgeSymbol.swift; sourceTree = "<group>"; };
		7A4D6CD82819E6D800ACFFB5 /* RotatedBadgeSymbol.swift */ = {isa = PBXFileReference; lastKnownFileType = sourcecode.swift; path = RotatedBadgeSymbol.swift; sourceTree = "<group>"; };
		7A4D6CDA2819E7C100ACFFB5 /* Badge.swift */ = {isa = PBXFileReference; lastKnownFileType = sourcecode.swift; path = Badge.swift; sourceTree = "<group>"; };
/* End PBXFileReference section */

/* Begin PBXFrameworksBuildPhase section */
		7A4D6CA7280F3B2E00ACFFB5 /* Frameworks */ = {
			isa = PBXFrameworksBuildPhase;
			buildActionMask = 2147483647;
			files = (
			);
			runOnlyForDeploymentPostprocessing = 0;
		};
/* End PBXFrameworksBuildPhase section */

/* Begin PBXGroup section */
		7A4D6CA1280F3B2E00ACFFB5 = {
			isa = PBXGroup;
			children = (
				7A4D6CAC280F3B2E00ACFFB5 /* Landmarks */,
				7A4D6CAB280F3B2E00ACFFB5 /* Products */,
			);
			sourceTree = "<group>";
		};
		7A4D6CAB280F3B2E00ACFFB5 /* Products */ = {
			isa = PBXGroup;
			children = (
				7A4D6CAA280F3B2E00ACFFB5 /* Landmarks.app */,
			);
			name = Products;
			sourceTree = "<group>";
		};
		7A4D6CAC280F3B2E00ACFFB5 /* Landmarks */ = {
			isa = PBXGroup;
			children = (
				7A4D6CAD280F3B2E00ACFFB5 /* LandmarksApp.swift */,
				7A4D6CC528133BF000ACFFB5 /* Views */,
				7A4D6CC628133C0C00ACFFB5 /* Model */,
				7A4D6CC728133C1900ACFFB5 /* Resources */,
				7A4D6CB1280F3B3200ACFFB5 /* Assets.xcassets */,
				7A4D6CB3280F3B3200ACFFB5 /* Preview Content */,
			);
			path = Landmarks;
			sourceTree = "<group>";
		};
		7A4D6CB3280F3B3200ACFFB5 /* Preview Content */ = {
			isa = PBXGroup;
			children = (
				7A4D6CB4280F3B3200ACFFB5 /* Preview Assets.xcassets */,
			);
			path = "Preview Content";
			sourceTree = "<group>";
		};
		7A4D6CC528133BF000ACFFB5 /* Views */ = {
			isa = PBXGroup;
			children = (
				7A4D6CAF280F3B2E00ACFFB5 /* ContentView.swift */,
				7A4D6CD02819D92800ACFFB5 /* Landmarks */,
				7A4D6CD12819D95400ACFFB5 /* Helpers */,
				7A4D6CDC2819E96500ACFFB5 /* Badges */,
			);
			path = Views;
			sourceTree = "<group>";
		};
		7A4D6CC628133C0C00ACFFB5 /* Model */ = {
			isa = PBXGroup;
			children = (
				7A4D6CC12812F4C600ACFFB5 /* Landmark.swift */,
				7A4D6CC32812FA9500ACFFB5 /* ModelData.swift */,
			);
			path = Model;
			sourceTree = "<group>";
		};
		7A4D6CC728133C1900ACFFB5 /* Resources */ = {
			isa = PBXGroup;
			children = (
				7A4D6CBF2812F4A100ACFFB5 /* landmarkData.json */,
			);
			path = Resources;
			sourceTree = "<group>";
		};
		7A4D6CD02819D92800ACFFB5 /* Landmarks */ = {
			isa = PBXGroup;
			children = (
				7A4D6CC828133CEA00ACFFB5 /* LandmarkRow.swift */,
				7A4D6CCA28133F4E00ACFFB5 /* LandmarkList.swift */,
				7A4D6CCC2813421700ACFFB5 /* LandmarkDetail.swift */,
			);
			path = Landmarks;
			sourceTree = "<group>";
		};
		7A4D6CD12819D95400ACFFB5 /* Helpers */ = {
			isa = PBXGroup;
			children = (
				7A4D6CBB2810473900ACFFB5 /* CircleImage.swift */,
				7A4D6CBD281049DE00ACFFB5 /* MapView.swift */,
				7A4D6CCE2819D85F00ACFFB5 /* FavoriteButton.swift */,
			);
			path = Helpers;
			sourceTree = "<group>";
		};
		7A4D6CDC2819E96500ACFFB5 /* Badges */ = {
			isa = PBXGroup;
			children = (
				7A4D6CD22819DCD800ACFFB5 /* HexagonParameters.swift */,
				7A4D6CD42819DFDB00ACFFB5 /* BadgeBackground.swift */,
				7A4D6CD62819E56900ACFFB5 /* BadgeSymbol.swift */,
				7A4D6CD82819E6D800ACFFB5 /* RotatedBadgeSymbol.swift */,
				7A4D6CDA2819E7C100ACFFB5 /* Badge.swift */,
			);
			path = Badges;
			sourceTree = "<group>";
		};
/* End PBXGroup section */

/* Begin PBXNativeTarget section */
		7A4D6CA9280F3B2E00ACFFB5 /* Landmarks */ = {
			isa = PBXNativeTarget;
			buildConfigurationList = 7A4D6CB8280F3B3200ACFFB5 /* Build configuration list for PBXNativeTarget "Landmarks" */;
			buildPhases = (
				7A4D6CA6280F3B2E00ACFFB5 /* Sources */,
				7A4D6CA7280F3B2E00ACFFB5 /* Frameworks */,
				7A4D6CA8280F3B2E00ACFFB5 /* Resources */,
			);
			buildRules = (
			);
			dependencies = (
			);
			name = Landmarks;
			productName = Landmarks;
			productReference = 7A4D6CAA280F3B2E00ACFFB5 /* Landmarks.app */;
			productType = "com.apple.product-type.application";
		};
/* End PBXNativeTarget section */

/* Begin PBXProject section */
		7A4D6CA2280F3B2E00ACFFB5 /* Project object */ = {
			isa = PBXProject;
			attributes = {
				BuildIndependentTargetsInParallel = 1;
				LastSwiftUpdateCheck = 1330;
				LastUpgradeCheck = 1330;
				TargetAttributes = {
					7A4D6CA9280F3B2E00ACFFB5 = {
						CreatedOnToolsVersion = 13.3.1;
					};
				};
			};
			buildConfigurationList = 7A4D6CA5280F3B2E00ACFFB5 /* Build configuration list for PBXProject "Landmarks" */;
			compatibilityVersion = "Xcode 13.0";
			developmentRegion = en;
			hasScannedForEncodings = 0;
			knownRegions = (
				en,
				Base,
			);
			mainGroup = 7A4D6CA1280F3B2E00ACFFB5;
			productRefGroup = 7A4D6CAB280F3B2E00ACFFB5 /* Products */;
			projectDirPath = "";
			projectRoot = "";
			targets = (
				7A4D6CA9280F3B2E00ACFFB5 /* Landmarks */,
			);
		};
/* End PBXProject section */

/* Begin PBXResourcesBuildPhase section */
		7A4D6CA8280F3B2E00ACFFB5 /* Resources */ = {
			isa = PBXResourcesBuildPhase;
			buildActionMask = 2147483647;
			files = (
				7A4D6CB5280F3B3200ACFFB5 /* Preview Assets.xcassets in Resources */,
				7A4D6CB2280F3B3200ACFFB5 /* Assets.xcassets in Resources */,
				7A4D6CC02812F4A100ACFFB5 /* landmarkData.json in Resources */,
			);
			runOnlyForDeploymentPostprocessing = 0;
		};
/* End PBXResourcesBuildPhase section */

/* Begin PBXSourcesBuildPhase section */
		7A4D6CA6280F3B2E00ACFFB5 /* Sources */ = {
			isa = PBXSourcesBuildPhase;
			buildActionMask = 2147483647;
			files = (
				7A4D6CB0280F3B2E00ACFFB5 /* ContentView.swift in Sources */,
				7A4D6CDB2819E7C100ACFFB5 /* Badge.swift in Sources */,
				7A4D6CBE281049DE00ACFFB5 /* MapView.swift in Sources */,
				7A4D6CAE280F3B2E00ACFFB5 /* LandmarksApp.swift in Sources */,
				7A4D6CCF2819D85F00ACFFB5 /* FavoriteButton.swift in Sources */,
				7A4D6CD32819DCD800ACFFB5 /* HexagonParameters.swift in Sources */,
				7A4D6CD92819E6D800ACFFB5 /* RotatedBadgeSymbol.swift in Sources */,
				7A4D6CD72819E56900ACFFB5 /* BadgeSymbol.swift in Sources */,
				7A4D6CCB28133F4E00ACFFB5 /* LandmarkList.swift in Sources */,
				7A4D6CCD2813421700ACFFB5 /* LandmarkDetail.swift in Sources */,
				7A4D6CD52819DFDB00ACFFB5 /* BadgeBackground.swift in Sources */,
				7A4D6CBC2810473900ACFFB5 /* CircleImage.swift in Sources */,
				7A4D6CC22812F4C600ACFFB5 /* Landmark.swift in Sources */,
				7A4D6CC928133CEA00ACFFB5 /* LandmarkRow.swift in Sources */,
				7A4D6CC42812FA9500ACFFB5 /* ModelData.swift in Sources */,
			);
			runOnlyForDeploymentPostprocessing = 0;
		};
/* End PBXSourcesBuildPhase section */

/* Begin XCBuildConfiguration section */
		7A4D6CB6280F3B3200ACFFB5 /* Debug */ = {
			isa = XCBuildConfiguration;
			buildSettings = {
				ALWAYS_SEARCH_USER_PATHS = NO;
				CLANG_ANALYZER_NONNULL = YES;
				CLANG_ANALYZER_NUMBER_OBJECT_CONVERSION = YES_AGGRESSIVE;
				CLANG_CXX_LANGUAGE_STANDARD = "gnu++17";
				CLANG_ENABLE_MODULES = YES;
				CLANG_ENABLE_OBJC_ARC = YES;
				CLANG_ENABLE_OBJC_WEAK = YES;
				CLANG_WARN_BLOCK_CAPTURE_AUTORELEASING = YES;
				CLANG_WARN_BOOL_CONVERSION = YES;
				CLANG_WARN_COMMA = YES;
				CLANG_WARN_CONSTANT_CONVERSION = YES;
				CLANG_WARN_DEPRECATED_OBJC_IMPLEMENTATIONS = YES;
				CLANG_WARN_DIRECT_OBJC_ISA_USAGE = YES_ERROR;
				CLANG_WARN_DOCUMENTATION_COMMENTS = YES;
				CLANG_WARN_EMPTY_BODY = YES;
				CLANG_WARN_ENUM_CONVERSION = YES;
				CLANG_WARN_INFINITE_RECURSION = YES;
				CLANG_WARN_INT_CONVERSION = YES;
				CLANG_WARN_NON_LITERAL_NULL_CONVERSION = YES;
				CLANG_WARN_OBJC_IMPLICIT_RETAIN_SELF = YES;
				CLANG_WARN_OBJC_LITERAL_CONVERSION = YES;
				CLANG_WARN_OBJC_ROOT_CLASS = YES_ERROR;
				CLANG_WARN_QUOTED_INCLUDE_IN_FRAMEWORK_HEADER = YES;
				CLANG_WARN_RANGE_LOOP_ANALYSIS = YES;
				CLANG_WARN_STRICT_PROTOTYPES = YES;
				CLANG_WARN_SUSPICIOUS_MOVE = YES;
				CLANG_WARN_UNGUARDED_AVAILABILITY = YES_AGGRESSIVE;
				CLANG_WARN_UNREACHABLE_CODE = YES;
				CLANG_WARN__DUPLICATE_METHOD_MATCH = YES;
				COPY_PHASE_STRIP = NO;
				DEBUG_INFORMATION_FORMAT = dwarf;
				ENABLE_STRICT_OBJC_MSGSEND = YES;
				ENABLE_TESTABILITY = YES;
				GCC_C_LANGUAGE_STANDARD = gnu11;
				GCC_DYNAMIC_NO_PIC = NO;
				GCC_NO_COMMON_BLOCKS = YES;
				GCC_OPTIMIZATION_LEVEL = 0;
				GCC_PREPROCESSOR_DEFINITIONS = (
					"DEBUG=1",
					"$(inherited)",
				);
				GCC_WARN_64_TO_32_BIT_CONVERSION = YES;
				GCC_WARN_ABOUT_RETURN_TYPE = YES_ERROR;
				GCC_WARN_UNDECLARED_SELECTOR = YES;
				GCC_WARN_UNINITIALIZED_AUTOS = YES_AGGRESSIVE;
				GCC_WARN_UNUSED_FUNCTION = YES;
				GCC_WARN_UNUSED_VARIABLE = YES;
				IPHONEOS_DEPLOYMENT_TARGET = 15.4;
				MTL_ENABLE_DEBUG_INFO = INCLUDE_SOURCE;
				MTL_FAST_MATH = YES;
				ONLY_ACTIVE_ARCH = YES;
				SDKROOT = iphoneos;
				SWIFT_ACTIVE_COMPILATION_CONDITIONS = DEBUG;
				SWIFT_OPTIMIZATION_LEVEL = "-Onone";
			};
			name = Debug;
		};
		7A4D6CB7280F3B3200ACFFB5 /* Release */ = {
			isa = XCBuildConfiguration;
			buildSettings = {
				ALWAYS_SEARCH_USER_PATHS = NO;
				CLANG_ANALYZER_NONNULL = YES;
				CLANG_ANALYZER_NUMBER_OBJECT_CONVERSION = YES_AGGRESSIVE;
				CLANG_CXX_LANGUAGE_STANDARD = "gnu++17";
				CLANG_ENABLE_MODULES = YES;
				CLANG_ENABLE_OBJC_ARC = YES;
				CLANG_ENABLE_OBJC_WEAK = YES;
				CLANG_WARN_BLOCK_CAPTURE_AUTORELEASING = YES;
				CLANG_WARN_BOOL_CONVERSION = YES;
				CLANG_WARN_COMMA = YES;
				CLANG_WARN_CONSTANT_CONVERSION = YES;
				CLANG_WARN_DEPRECATED_OBJC_IMPLEMENTATIONS = YES;
				CLANG_WARN_DIRECT_OBJC_ISA_USAGE = YES_ERROR;
				CLANG_WARN_DOCUMENTATION_COMMENTS = YES;
				CLANG_WARN_EMPTY_BODY = YES;
				CLANG_WARN_ENUM_CONVERSION = YES;
				CLANG_WARN_INFINITE_RECURSION = YES;
				CLANG_WARN_INT_CONVERSION = YES;
				CLANG_WARN_NON_LITERAL_NULL_CONVERSION = YES;
				CLANG_WARN_OBJC_IMPLICIT_RETAIN_SELF = YES;
				CLANG_WARN_OBJC_LITERAL_CONVERSION = YES;
				CLANG_WARN_OBJC_ROOT_CLASS = YES_ERROR;
				CLANG_WARN_QUOTED_INCLUDE_IN_FRAMEWORK_HEADER = YES;
				CLANG_WARN_RANGE_LOOP_ANALYSIS = YES;
				CLANG_WARN_STRICT_PROTOTYPES = YES;
				CLANG_WARN_SUSPICIOUS_MOVE = YES;
				CLANG_WARN_UNGUARDED_AVAILABILITY = YES_AGGRESSIVE;
				CLANG_WARN_UNREACHABLE_CODE = YES;
				CLANG_WARN__DUPLICATE_METHOD_MATCH = YES;
				COPY_PHASE_STRIP = NO;
				DEBUG_INFORMATION_FORMAT = "dwarf-with-dsym";
				ENABLE_NS_ASSERTIONS = NO;
				ENABLE_STRICT_OBJC_MSGSEND = YES;
				GCC_C_LANGUAGE_STANDARD = gnu11;
				GCC_NO_COMMON_BLOCKS = YES;
				GCC_WARN_64_TO_32_BIT_CONVERSION = YES;
				GCC_WARN_ABOUT_RETURN_TYPE = YES_ERROR;
				GCC_WARN_UNDECLARED_SELECTOR = YES;
				GCC_WARN_UNINITIALIZED_AUTOS = YES_AGGRESSIVE;
				GCC_WARN_UNUSED_FUNCTION = YES;
				GCC_WARN_UNUSED_VARIABLE = YES;
				IPHONEOS_DEPLOYMENT_TARGET = 15.4;
				MTL_ENABLE_DEBUG_INFO = NO;
				MTL_FAST_MATH = YES;
				SDKROOT = iphoneos;
				SWIFT_COMPILATION_MODE = wholemodule;
				SWIFT_OPTIMIZATION_LEVEL = "-O";
				VALIDATE_PRODUCT = YES;
			};
			name = Release;
		};
		7A4D6CB9280F3B3200ACFFB5 /* Debug */ = {
			isa = XCBuildConfiguration;
			buildSettings = {
				ASSETCATALOG_COMPILER_APPICON_NAME = AppIcon;
				ASSETCATALOG_COMPILER_GLOBAL_ACCENT_COLOR_NAME = AccentColor;
				CODE_SIGN_STYLE = Automatic;
				CURRENT_PROJECT_VERSION = 1;
				DEVELOPMENT_ASSET_PATHS = "\"Landmarks/Preview Content\"";
				ENABLE_PREVIEWS = YES;
				GENERATE_INFOPLIST_FILE = YES;
				INFOPLIST_KEY_UIApplicationSceneManifest_Generation = YES;
				INFOPLIST_KEY_UIApplicationSupportsIndirectInputEvents = YES;
				INFOPLIST_KEY_UILaunchScreen_Generation = YES;
				INFOPLIST_KEY_UISupportedInterfaceOrientations_iPad = "UIInterfaceOrientationPortrait UIInterfaceOrientationPortraitUpsideDown UIInterfaceOrientationLandscapeLeft UIInterfaceOrientationLandscapeRight";
				INFOPLIST_KEY_UISupportedInterfaceOrientations_iPhone = "UIInterfaceOrientationPortrait UIInterfaceOrientationLandscapeLeft UIInterfaceOrientationLandscapeRight";
				LD_RUNPATH_SEARCH_PATHS = (
					"$(inherited)",
					"@executable_path/Frameworks",
				);
				MARKETING_VERSION = 1.0;
				PRODUCT_BUNDLE_IDENTIFIER = CaseyMockbee.Landmarks;
				PRODUCT_NAME = "$(TARGET_NAME)";
				SWIFT_EMIT_LOC_STRINGS = YES;
				SWIFT_VERSION = 5.0;
				TARGETED_DEVICE_FAMILY = "1,2";
			};
			name = Debug;
		};
		7A4D6CBA280F3B3200ACFFB5 /* Release */ = {
			isa = XCBuildConfiguration;
			buildSettings = {
				ASSETCATALOG_COMPILER_APPICON_NAME = AppIcon;
				ASSETCATALOG_COMPILER_GLOBAL_ACCENT_COLOR_NAME = AccentColor;
				CODE_SIGN_STYLE = Automatic;
				CURRENT_PROJECT_VERSION = 1;
				DEVELOPMENT_ASSET_PATHS = "\"Landmarks/Preview Content\"";
				ENABLE_PREVIEWS = YES;
				GENERATE_INFOPLIST_FILE = YES;
				INFOPLIST_KEY_UIApplicationSceneManifest_Generation = YES;
				INFOPLIST_KEY_UIApplicationSupportsIndirectInputEvents = YES;
				INFOPLIST_KEY_UILaunchScreen_Generation = YES;
				INFOPLIST_KEY_UISupportedInterfaceOrientations_iPad = "UIInterfaceOrientationPortrait UIInterfaceOrientationPortraitUpsideDown UIInterfaceOrientationLandscapeLeft UIInterfaceOrientationLandscapeRight";
				INFOPLIST_KEY_UISupportedInterfaceOrientations_iPhone = "UIInterfaceOrientationPortrait UIInterfaceOrientationLandscapeLeft UIInterfaceOrientationLandscapeRight";
				LD_RUNPATH_SEARCH_PATHS = (
					"$(inherited)",
					"@executable_path/Frameworks",
				);
				MARKETING_VERSION = 1.0;
				PRODUCT_BUNDLE_IDENTIFIER = CaseyMockbee.Landmarks;
				PRODUCT_NAME = "$(TARGET_NAME)";
				SWIFT_EMIT_LOC_STRINGS = YES;
				SWIFT_VERSION = 5.0;
				TARGETED_DEVICE_FAMILY = "1,2";
			};
			name = Release;
		};
/* End XCBuildConfiguration section */

/* Begin XCConfigurationList section */
		7A4D6CA5280F3B2E00ACFFB5 /* Build configuration list for PBXProject "Landmarks" */ = {
			isa = XCConfigurationList;
			buildConfigurations = (
				7A4D6CB6280F3B3200ACFFB5 /* Debug */,
				7A4D6CB7280F3B3200ACFFB5 /* Release */,
			);
			defaultConfigurationIsVisible = 0;
			defaultConfigurationName = Release;
		};
		7A4D6CB8280F3B3200ACFFB5 /* Build configuration list for PBXNativeTarget "Landmarks" */ = {
			isa = XCConfigurationList;
			buildConfigurations = (
				7A4D6CB9280F3B3200ACFFB5 /* Debug */,
				7A4D6CBA280F3B3200ACFFB5 /* Release */,
			);
			defaultConfigurationIsVisible = 0;
			defaultConfigurationName = Release;
		};
/* End XCConfigurationList section */
	};
	rootObject = 7A4D6CA2280F3B2E00ACFFB5 /* Project object */;
}
